// !$*UTF8*$!
{
	archiveVersion = 1;
	classes = {
	};
	objectVersion = 46;
	objects = {

/* Begin PBXBuildFile section */
		608B5F7721305E0C00954A98 /* WJLoggerBinder.m in Sources */ = {isa = PBXBuildFile; fileRef = 608B5F7621305E0C00954A98 /* WJLoggerBinder.m */; };
		C1F0F7091C1D232000E99461 /* main.m in Sources */ = {isa = PBXBuildFile; fileRef = C1F0F7081C1D232000E99461 /* main.m */; };
		C1F0F70C1C1D232000E99461 /* AppDelegate.m in Sources */ = {isa = PBXBuildFile; fileRef = C1F0F70B1C1D232000E99461 /* AppDelegate.m */; };
		C1F0F70F1C1D232000E99461 /* ViewController.m in Sources */ = {isa = PBXBuildFile; fileRef = C1F0F70E1C1D232000E99461 /* ViewController.m */; };
		C1F0F7121C1D232000E99461 /* Main.storyboard in Resources */ = {isa = PBXBuildFile; fileRef = C1F0F7101C1D232000E99461 /* Main.storyboard */; };
		C1F0F7141C1D232000E99461 /* Images.xcassets in Resources */ = {isa = PBXBuildFile; fileRef = C1F0F7131C1D232000E99461 /* Images.xcassets */; };
		C1F0F7171C1D232000E99461 /* LaunchScreen.xib in Resources */ = {isa = PBXBuildFile; fileRef = C1F0F7151C1D232000E99461 /* LaunchScreen.xib */; };
/* End PBXBuildFile section */

/* Begin PBXFileReference section */
		608B5F7521305E0C00954A98 /* WJLoggerBinder.h */ = {isa = PBXFileReference; lastKnownFileType = sourcecode.c.h; path = WJLoggerBinder.h; sourceTree = "<group>"; };
		608B5F7621305E0C00954A98 /* WJLoggerBinder.m */ = {isa = PBXFileReference; lastKnownFileType = sourcecode.c.objc; path = WJLoggerBinder.m; sourceTree = "<group>"; };
		608B5F7821305E1C00954A98 /* IWJLoggerFactory.h */ = {isa = PBXFileReference; lastKnownFileType = sourcecode.c.h; path = IWJLoggerFactory.h; sourceTree = "<group>"; };
		608B5F792130625F00954A98 /* WJLoggingAPI.podspec */ = {isa = PBXFileReference; lastKnownFileType = text; name = WJLoggingAPI.podspec; path = ../../WJLoggingAPI.podspec; sourceTree = "<group>"; };
		608B5F7A2130625F00954A98 /* README.md */ = {isa = PBXFileReference; lastKnownFileType = net.daringfireball.markdown; name = README.md; path = ../../README.md; sourceTree = "<group>"; };
		C12706C81C2E3ECB003A7B71 /* WJLoggingAPI.h */ = {isa = PBXFileReference; fileEncoding = 4; lastKnownFileType = sourcecode.c.h; path = WJLoggingAPI.h; sourceTree = "<group>"; };
		C1F0F7031C1D232000E99461 /* WJLoggingAPI-example.app */ = {isa = PBXFileReference; explicitFileType = wrapper.application; includeInIndex = 0; path = "WJLoggingAPI-example.app"; sourceTree = BUILT_PRODUCTS_DIR; };
		C1F0F7071C1D232000E99461 /* Info.plist */ = {isa = PBXFileReference; lastKnownFileType = text.plist.xml; path = Info.plist; sourceTree = "<group>"; };
		C1F0F7081C1D232000E99461 /* main.m */ = {isa = PBXFileReference; lastKnownFileType = sourcecode.c.objc; path = main.m; sourceTree = "<group>"; };
		C1F0F70A1C1D232000E99461 /* AppDelegate.h */ = {isa = PBXFileReference; lastKnownFileType = sourcecode.c.h; path = AppDelegate.h; sourceTree = "<group>"; };
		C1F0F70B1C1D232000E99461 /* AppDelegate.m */ = {isa = PBXFileReference; lastKnownFileType = sourcecode.c.objc; path = AppDelegate.m; sourceTree = "<group>"; };
		C1F0F70D1C1D232000E99461 /* ViewController.h */ = {isa = PBXFileReference; lastKnownFileType = sourcecode.c.h; path = ViewController.h; sourceTree = "<group>"; };
		C1F0F70E1C1D232000E99461 /* ViewController.m */ = {isa = PBXFileReference; lastKnownFileType = sourcecode.c.objc; path = ViewController.m; sourceTree = "<group>"; };
		C1F0F7111C1D232000E99461 /* Base */ = {isa = PBXFileReference; lastKnownFileType = file.storyboard; name = Base; path = Base.lproj/Main.storyboard; sourceTree = "<group>"; };
		C1F0F7131C1D232000E99461 /* Images.xcassets */ = {isa = PBXFileReference; lastKnownFileType = folder.assetcatalog; path = Images.xcassets; sourceTree = "<group>"; };
		C1F0F7161C1D232000E99461 /* Base */ = {isa = PBXFileReference; lastKnownFileType = file.xib; name = Base; path = Base.lproj/LaunchScreen.xib; sourceTree = "<group>"; };
		C1F0F72E1C1D234800E99461 /* IWJLogger.h */ = {isa = PBXFileReference; fileEncoding = 4; lastKnownFileType = sourcecode.c.h; path = IWJLogger.h; sourceTree = "<group>"; };
/* End PBXFileReference section */

/* Begin PBXFrameworksBuildPhase section */
		C1F0F7001C1D232000E99461 /* Frameworks */ = {
			isa = PBXFrameworksBuildPhase;
			buildActionMask = 2147483647;
			files = (
			);
			runOnlyForDeploymentPostprocessing = 0;
		};
/* End PBXFrameworksBuildPhase section */

/* Begin PBXGroup section */
		C1F0F6FA1C1D232000E99461 = {
			isa = PBXGroup;
			children = (
				608B5F7A2130625F00954A98 /* README.md */,
				608B5F792130625F00954A98 /* WJLoggingAPI.podspec */,
				C1F0F72C1C1D232E00E99461 /* Classes */,
				C1F0F7051C1D232000E99461 /* WJLoggingAPI-example */,
				C1F0F7041C1D232000E99461 /* Products */,
			);
			sourceTree = "<group>";
		};
		C1F0F7041C1D232000E99461 /* Products */ = {
			isa = PBXGroup;
			children = (
				C1F0F7031C1D232000E99461 /* WJLoggingAPI-example.app */,
			);
			name = Products;
			sourceTree = "<group>";
		};
		C1F0F7051C1D232000E99461 /* WJLoggingAPI-example */ = {
			isa = PBXGroup;
			children = (
				C1F0F70A1C1D232000E99461 /* AppDelegate.h */,
				C1F0F70B1C1D232000E99461 /* AppDelegate.m */,
				C1F0F70D1C1D232000E99461 /* ViewController.h */,
				C1F0F70E1C1D232000E99461 /* ViewController.m */,
				C1F0F7101C1D232000E99461 /* Main.storyboard */,
				C1F0F7131C1D232000E99461 /* Images.xcassets */,
				C1F0F7151C1D232000E99461 /* LaunchScreen.xib */,
				C1F0F7061C1D232000E99461 /* Supporting Files */,
			);
			path = "WJLoggingAPI-example";
			sourceTree = "<group>";
		};
		C1F0F7061C1D232000E99461 /* Supporting Files */ = {
			isa = PBXGroup;
			children = (
				C1F0F7071C1D232000E99461 /* Info.plist */,
				C1F0F7081C1D232000E99461 /* main.m */,
			);
			name = "Supporting Files";
			sourceTree = "<group>";
		};
		C1F0F72C1C1D232E00E99461 /* Classes */ = {
			isa = PBXGroup;
			children = (
				C1F0F72E1C1D234800E99461 /* IWJLogger.h */,
				608B5F7821305E1C00954A98 /* IWJLoggerFactory.h */,
				608B5F7521305E0C00954A98 /* WJLoggerBinder.h */,
				608B5F7621305E0C00954A98 /* WJLoggerBinder.m */,
				C12706C81C2E3ECB003A7B71 /* WJLoggingAPI.h */,
			);
			name = Classes;
			path = ../../Classes;
			sourceTree = "<group>";
		};
/* End PBXGroup section */

/* Begin PBXNativeTarget section */
		C1F0F7021C1D232000E99461 /* WJLoggingAPI-example */ = {
			isa = PBXNativeTarget;
			buildConfigurationList = C1F0F7261C1D232000E99461 /* Build configuration list for PBXNativeTarget "WJLoggingAPI-example" */;
			buildPhases = (
				C1F0F6FF1C1D232000E99461 /* Sources */,
				C1F0F7001C1D232000E99461 /* Frameworks */,
				C1F0F7011C1D232000E99461 /* Resources */,
			);
			buildRules = (
			);
			dependencies = (
			);
			name = "WJLoggingAPI-example";
			productName = "WJLoggingAPI-example";
			productReference = C1F0F7031C1D232000E99461 /* WJLoggingAPI-example.app */;
			productType = "com.apple.product-type.application";
		};
/* End PBXNativeTarget section */

/* Begin PBXProject section */
		C1F0F6FB1C1D232000E99461 /* Project object */ = {
			isa = PBXProject;
			attributes = {
				LastUpgradeCheck = 0610;
				ORGANIZATIONNAME = WJ;
				TargetAttributes = {
					C1F0F7021C1D232000E99461 = {
						CreatedOnToolsVersion = 6.1.1;
					};
				};
			};
			buildConfigurationList = C1F0F6FE1C1D232000E99461 /* Build configuration list for PBXProject "WJLoggingAPI-example" */;
			compatibilityVersion = "Xcode 3.2";
			developmentRegion = English;
			hasScannedForEncodings = 0;
			knownRegions = (
				en,
				Base,
			);
			mainGroup = C1F0F6FA1C1D232000E99461;
			productRefGroup = C1F0F7041C1D232000E99461 /* Products */;
			projectDirPath = "";
			projectRoot = "";
			targets = (
				C1F0F7021C1D232000E99461 /* WJLoggingAPI-example */,
			);
		};
/* End PBXProject section */

/* Begin PBXResourcesBuildPhase section */
		C1F0F7011C1D232000E99461 /* Resources */ = {
			isa = PBXResourcesBuildPhase;
			buildActionMask = 2147483647;
			files = (
				C1F0F7121C1D232000E99461 /* Main.storyboard in Resources */,
				C1F0F7171C1D232000E99461 /* LaunchScreen.xib in Resources */,
				C1F0F7141C1D232000E99461 /* Images.xcassets in Resources */,
			);
			runOnlyForDeploymentPostprocessing = 0;
		};
/* End PBXResourcesBuildPhase section */

/* Begin PBXSourcesBuildPhase section */
		C1F0F6FF1C1D232000E99461 /* Sources */ = {
			isa = PBXSourcesBuildPhase;
			buildActionMask = 2147483647;
			files = (
				608B5F7721305E0C00954A98 /* WJLoggerBinder.m in Sources */,
				C1F0F70F1C1D232000E99461 /* ViewController.m in Sources */,
				C1F0F70C1C1D232000E99461 /* AppDelegate.m in Sources */,
				C1F0F7091C1D232000E99461 /* main.m in Sources */,
			);
			runOnlyForDeploymentPostprocessing = 0;
		};
/* End PBXSourcesBuildPhase section */

/* Begin PBXVariantGroup section */
		C1F0F7101C1D232000E99461 /* Main.storyboard */ = {
			isa = PBXVariantGroup;
			children = (
				C1F0F7111C1D232000E99461 /* Base */,
			);
			name = Main.storyboard;
			sourceTree = "<group>";
		};
		C1F0F7151C1D232000E99461 /* LaunchScreen.xib */ = {
			isa = PBXVariantGroup;
			children = (
				C1F0F7161C1D232000E99461 /* Base */,
			);
			name = LaunchScreen.xib;
			sourceTree = "<group>";
		};
/* End PBXVariantGroup section */

/* Begin XCBuildConfiguration section */
		C1F0F7241C1D232000E99461 /* Debug */ = {
			isa = XCBuildConfiguration;
			buildSettings = {
				ALWAYS_SEARCH_USER_PATHS = NO;
				CLANG_CXX_LANGUAGE_STANDARD = "gnu++0x";
				CLANG_CXX_LIBRARY = "libc++";
				CLANG_ENABLE_MODULES = YES;
				CLANG_ENABLE_OBJC_ARC = YES;
				CLANG_WARN_BOOL_CONVERSION = YES;
				CLANG_WARN_CONSTANT_CONVERSION = YES;
				CLANG_WARN_DIRECT_OBJC_ISA_USAGE = YES_ERROR;
				CLANG_WARN_EMPTY_BODY = YES;
				CLANG_WARN_ENUM_CONVERSION = YES;
				CLANG_WARN_INT_CONVERSION = YES;
				CLANG_WARN_OBJC_ROOT_CLASS = YES_ERROR;
				CLANG_WARN_UNREACHABLE_CODE = YES;
				CLANG_WARN__DUPLICATE_METHOD_MATCH = YES;
				"CODE_SIGN_IDENTITY[sdk=iphoneos*]" = "iPhone Developer";
				COPY_PHASE_STRIP = NO;
				ENABLE_STRICT_OBJC_MSGSEND = YES;
				GCC_C_LANGUAGE_STANDARD = gnu99;
				GCC_DYNAMIC_NO_PIC = NO;
				GCC_OPTIMIZATION_LEVEL = 0;
				GCC_PREPROCESSOR_DEFINITIONS = (
					"DEBUG=1",
					"$(inherited)",
				);
				GCC_SYMBOLS_PRIVATE_EXTERN = NO;
				GCC_WARN_64_TO_32_BIT_CONVERSION = YES;
				GCC_WARN_ABOUT_RETURN_TYPE = YES_ERROR;
				GCC_WARN_UNDECLARED_SELECTOR = YES;
				GCC_WARN_UNINITIALIZED_AUTOS = YES_AGGRESSIVE;
				GCC_WARN_UNUSED_FUNCTION = YES;
				GCC_WARN_UNUSED_VARIABLE = YES;
				IPHONEOS_DEPLOYMENT_TARGET = 8.1;
				MTL_ENABLE_DEBUG_INFO = YES;
				ONLY_ACTIVE_ARCH = YES;
				SDKROOT = iphoneos;
			};
			name = Debug;
		};
		C1F0F7251C1D232000E99461 /* Release */ = {
			isa = XCBuildConfiguration;
			buildSettings = {
				ALWAYS_SEARCH_USER_PATHS = NO;
				CLANG_CXX_LANGUAGE_STANDARD = "gnu++0x";
				CLANG_CXX_LIBRARY = "libc++";
				CLANG_ENABLE_MODULES = YES;
				CLANG_ENABLE_OBJC_ARC = YES;
				CLANG_WARN_BOOL_CONVERSION = YES;
				CLANG_WARN_CONSTANT_CONVERSION = YES;
				CLANG_WARN_DIRECT_OBJC_ISA_USAGE = YES_ERROR;
				CLANG_WARN_EMPTY_BODY = YES;
				CLANG_WARN_ENUM_CONVERSION = YES;
				CLANG_WARN_INT_CONVERSION = YES;
				CLANG_WARN_OBJC_ROOT_CLASS = YES_ERROR;
				CLANG_WARN_UNREACHABLE_CODE = YES;
				CLANG_WARN__DUPLICATE_METHOD_MATCH = YES;
				"CODE_SIGN_IDENTITY[sdk=iphoneos*]" = "iPhone Developer";
				COPY_PHASE_STRIP = YES;
				ENABLE_NS_ASSERTIONS = NO;
				ENABLE_STRICT_OBJC_MSGSEND = YES;
				GCC_C_LANGUAGE_STANDARD = gnu99;
				GCC_WARN_64_TO_32_BIT_CONVERSION = YES;
				GCC_WARN_ABOUT_RETURN_TYPE = YES_ERROR;
				GCC_WARN_UNDECLARED_SELECTOR = YES;
				GCC_WARN_UNINITIALIZED_AUTOS = YES_AGGRESSIVE;
				GCC_WARN_UNUSED_FUNCTION = YES;
				GCC_WARN_UNUSED_VARIABLE = YES;
				IPHONEOS_DEPLOYMENT_TARGET = 8.1;
				MTL_ENABLE_DEBUG_INFO = NO;
				SDKROOT = iphoneos;
				VALIDATE_PRODUCT = YES;
			};
			name = Release;
		};
		C1F0F7271C1D232000E99461 /* Debug */ = {
			isa = XCBuildConfiguration;
			buildSettings = {
				ASSETCATALOG_COMPILER_APPICON_NAME = AppIcon;
				INFOPLIST_FILE = "WJLoggingAPI-example/Info.plist";
				LD_RUNPATH_SEARCH_PATHS = "$(inherited) @executable_path/Frameworks";
				PRODUCT_NAME = "$(TARGET_NAME)";
			};
			name = Debug;
		};
		C1F0F7281C1D232000E99461 /* Release */ = {
			isa = XCBuildConfiguration;
			buildSettings = {
				ASSETCATALOG_COMPILER_APPICON_NAME = AppIcon;
				INFOPLIST_FILE = "WJLoggingAPI-example/Info.plist";
				LD_RUNPATH_SEARCH_PATHS = "$(inherited) @executable_path/Frameworks";
				PRODUCT_NAME = "$(TARGET_NAME)";
			};
			name = Release;
		};
/* End XCBuildConfiguration section */

/* Begin XCConfigurationList section */
		C1F0F6FE1C1D232000E99461 /* Build configuration list for PBXProject "WJLoggingAPI-example" */ = {
			isa = XCConfigurationList;
			buildConfigurations = (
				C1F0F7241C1D232000E99461 /* Debug */,
				C1F0F7251C1D232000E99461 /* Release */,
			);
			defaultConfigurationIsVisible = 0;
			defaultConfigurationName = Release;
		};
		C1F0F7261C1D232000E99461 /* Build configuration list for PBXNativeTarget "WJLoggingAPI-example" */ = {
			isa = XCConfigurationList;
			buildConfigurations = (
				C1F0F7271C1D232000E99461 /* Debug */,
				C1F0F7281C1D232000E99461 /* Release */,
			);
			defaultConfigurationIsVisible = 0;
			defaultConfigurationName = Release;
		};
/* End XCConfigurationList section */
	};
	rootObject = C1F0F6FB1C1D232000E99461 /* Project object */;
}
